
Microsoft Visual Studio Solution File, Format Version 12.00
# Visual Studio for Mac
Project("{FAE04EC0-301F-11D3-BF4B-00C04F79EFBC}") = "Assembly-CSharp", "Assembly-CSharp.csproj", "{29C90C52-9EF5-FF38-0981-FFDEE39B56B4}"
EndProject
Project("{FAE04EC0-301F-11D3-BF4B-00C04F79EFBC}") = "Assembly-CSharp-Editor", "Assembly-CSharp-Editor.csproj", "{9C9D049E-558C-ABD1-6112-0817C2D70356}"
EndProject
Global
	GlobalSection(SolutionConfigurationPlatforms) = preSolution
		Debug|Any CPU = Debug|Any CPU
		Release|Any CPU = Release|Any CPU
	EndGlobalSection
	GlobalSection(ProjectConfigurationPlatforms) = postSolution
		{29C90C52-9EF5-FF38-0981-FFDEE39B56B4}.Debug|Any CPU.ActiveCfg = Debug|Any CPU
		{29C90C52-9EF5-FF38-0981-FFDEE39B56B4}.Debug|Any CPU.Build.0 = Debug|Any CPU
		{29C90C52-9EF5-FF38-0981-FFDEE39B56B4}.Release|Any CPU.ActiveCfg = Release|Any CPU
		{29C90C52-9EF5-FF38-0981-FFDEE39B56B4}.Release|Any CPU.Build.0 = Release|Any CPU
		{9C9D049E-558C-ABD1-6112-0817C2D70356}.Debug|Any CPU.ActiveCfg = Debug|Any CPU
		{9C9D049E-558C-ABD1-6112-0817C2D70356}.Debug|Any CPU.Build.0 = Debug|Any CPU
		{9C9D049E-558C-ABD1-6112-0817C2D70356}.Release|Any CPU.ActiveCfg = Release|Any CPU
		{9C9D049E-558C-ABD1-6112-0817C2D70356}.Release|Any CPU.Build.0 = Release|Any CPU
	EndGlobalSection
	GlobalSection(SolutionProperties) = preSolution
		HideSolutionNode = FALSE
	EndGlobalSection
EndGlobal
